
Microsoft Visual Studio Solution File, Format Version 12.00
# Visual Studio Version 17
VisualStudioVersion = 17.5.33530.505
MinimumVisualStudioVersion = 10.0.40219.1
Project("{FAE04EC0-301F-11D3-BF4B-00C04F79EFBC}") = "ScrapTF", "ScrapTF.csproj", "{FF9943FE-5344-4FCC-8809-EEB6898D5D03}"
EndProject
Global
	GlobalSection(SolutionConfigurationPlatforms) = preSolution
		Debug|Any CPU = Debug|Any CPU
		Release|Any CPU = Release|Any CPU
	EndGlobalSection
	GlobalSection(ProjectConfigurationPlatforms) = postSolution
		{FF9943FE-5344-4FCC-8809-EEB6898D5D03}.Debug|Any CPU.ActiveCfg = Debug|Any CPU
		{FF9943FE-5344-4FCC-8809-EEB6898D5D03}.Debug|Any CPU.Build.0 = Debug|Any CPU
		{FF9943FE-5344-4FCC-8809-EEB6898D5D03}.Release|Any CPU.ActiveCfg = Release|Any CPU
		{FF9943FE-5344-4FCC-8809-EEB6898D5D03}.Release|Any CPU.Build.0 = Release|Any CPU
	EndGlobalSection
	GlobalSection(SolutionProperties) = preSolution
		HideSolutionNode = FALSE
	EndGlobalSection
	GlobalSection(ExtensibilityGlobals) = postSolution
		SolutionGuid = {DDCEB96A-30F5-47F4-AC85-B3803A322D3E}
	EndGlobalSection
EndGlobal
